// !$*UTF8*$!
{
	archiveVersion = 1;
	classes = {
	};
	objectVersion = 56;
	objects = {

/* Begin PBXBuildFile section */
		D30340012C5B6EBC00A815F1 /* Movie.swift in Sources */ = {isa = PBXBuildFile; fileRef = D30340002C5B6EBC00A815F1 /* Movie.swift */; };
		D30340042C5B6FAE00A815F1 /* MovieService.swift in Sources */ = {isa = PBXBuildFile; fileRef = D30340032C5B6FAE00A815F1 /* MovieService.swift */; };
		D30340062C5B757100A815F1 /* MovieStore.swift in Sources */ = {isa = PBXBuildFile; fileRef = D30340052C5B757100A815F1 /* MovieStore.swift */; };
		D30340082C5B7DD100A815F1 /* Utils.swift in Sources */ = {isa = PBXBuildFile; fileRef = D30340072C5B7DD100A815F1 /* Utils.swift */; };
		D303400F2C5BB45D00A815F1 /* movie_list.json in Resources */ = {isa = PBXBuildFile; fileRef = D303400C2C5BB45D00A815F1 /* movie_list.json */; };
		D30340102C5BB45D00A815F1 /* movie_info.json in Resources */ = {isa = PBXBuildFile; fileRef = D303400D2C5BB45D00A815F1 /* movie_info.json */; };
		D30340112C5BB45D00A815F1 /* search_movie.json in Resources */ = {isa = PBXBuildFile; fileRef = D303400E2C5BB45D00A815F1 /* search_movie.json */; };
		D30340192C5BC47300A815F1 /* ImageLoader.swift in Sources */ = {isa = PBXBuildFile; fileRef = D30340182C5BC47300A815F1 /* ImageLoader.swift */; };
		D303401B2C5BD27100A815F1 /* MovieGroundCarouselView.swift in Sources */ = {isa = PBXBuildFile; fileRef = D303401A2C5BD27100A815F1 /* MovieGroundCarouselView.swift */; };
		D37DFFAA2C5A7A43001A03F1 /* JMDbApp.swift in Sources */ = {isa = PBXBuildFile; fileRef = D37DFFA92C5A7A43001A03F1 /* JMDbApp.swift */; };
		D37DFFAC2C5A7A43001A03F1 /* ContentView.swift in Sources */ = {isa = PBXBuildFile; fileRef = D37DFFAB2C5A7A43001A03F1 /* ContentView.swift */; };
		D37DFFAE2C5A7A45001A03F1 /* Assets.xcassets in Resources */ = {isa = PBXBuildFile; fileRef = D37DFFAD2C5A7A45001A03F1 /* Assets.xcassets */; };
		D37DFFB12C5A7A45001A03F1 /* Preview Assets.xcassets in Resources */ = {isa = PBXBuildFile; fileRef = D37DFFB02C5A7A45001A03F1 /* Preview Assets.xcassets */; };
		D37DFFBB2C5A7A45001A03F1 /* JMDbTests.swift in Sources */ = {isa = PBXBuildFile; fileRef = D37DFFBA2C5A7A45001A03F1 /* JMDbTests.swift */; };
		D37DFFC52C5A7A45001A03F1 /* JMDbUITests.swift in Sources */ = {isa = PBXBuildFile; fileRef = D37DFFC42C5A7A45001A03F1 /* JMDbUITests.swift */; };
		D37DFFC72C5A7A45001A03F1 /* JMDbUITestsLaunchTests.swift in Sources */ = {isa = PBXBuildFile; fileRef = D37DFFC62C5A7A45001A03F1 /* JMDbUITestsLaunchTests.swift */; };
		D39688C52C5CFB13008E84AD /* MovieListView.swift in Sources */ = {isa = PBXBuildFile; fileRef = D39688C42C5CFB13008E84AD /* MovieListView.swift */; };
		D39688C72C5D051D008E84AD /* MovieDetailView.swift in Sources */ = {isa = PBXBuildFile; fileRef = D39688C62C5D051D008E84AD /* MovieDetailView.swift */; };
		D39688CB2C5D1943008E84AD /* SafariView.swift in Sources */ = {isa = PBXBuildFile; fileRef = D39688CA2C5D1943008E84AD /* SafariView.swift */; };
		D3A026DA2C63556B00123AD1 /* MovieDraft.swift in Sources */ = {isa = PBXBuildFile; fileRef = D3A026D92C63556B00123AD1 /* MovieDraft.swift */; };
		D3A026DC2C6356AD00123AD1 /* MovieDetailManager.swift in Sources */ = {isa = PBXBuildFile; fileRef = D3A026DB2C6356AD00123AD1 /* MovieDetailManager.swift */; };
		D3A026DE2C63571F00123AD1 /* MovieListManager.swift in Sources */ = {isa = PBXBuildFile; fileRef = D3A026DD2C63571F00123AD1 /* MovieListManager.swift */; };
		D3A026E02C6357BE00123AD1 /* MovieSearchManager.swift in Sources */ = {isa = PBXBuildFile; fileRef = D3A026DF2C6357BE00123AD1 /* MovieSearchManager.swift */; };
		D3A026E42C63590100123AD1 /* MovieGroundModel.swift in Sources */ = {isa = PBXBuildFile; fileRef = D3A026E32C63590100123AD1 /* MovieGroundModel.swift */; };
		D3A026E62C63597B00123AD1 /* MoviePosterModel.swift in Sources */ = {isa = PBXBuildFile; fileRef = D3A026E52C63597B00123AD1 /* MoviePosterModel.swift */; };
		D3A026E82C639F4E00123AD1 /* FavoritesManager.swift in Sources */ = {isa = PBXBuildFile; fileRef = D3A026E72C639F4E00123AD1 /* FavoritesManager.swift */; };
		D3A026EA2C639FB200123AD1 /* FavoritesView.swift in Sources */ = {isa = PBXBuildFile; fileRef = D3A026E92C639FB200123AD1 /* FavoritesView.swift */; };
		D3A447832C60BB1B000C2DD9 /* SearchBar.swift in Sources */ = {isa = PBXBuildFile; fileRef = D3A447822C60BB1B000C2DD9 /* SearchBar.swift */; };
		D3A447892C60BD4D000C2DD9 /* MovieSearchView.swift in Sources */ = {isa = PBXBuildFile; fileRef = D3A447882C60BD4D000C2DD9 /* MovieSearchView.swift */; };
		D3ADE7382C5CC5570053067A /* MoviePosterCarouselView.swift in Sources */ = {isa = PBXBuildFile; fileRef = D3ADE7372C5CC5570053067A /* MoviePosterCarouselView.swift */; };
		D3ADE73F2C5CCBA00053067A /* ActivityIndicatorView.swift in Sources */ = {isa = PBXBuildFile; fileRef = D3ADE73E2C5CCBA00053067A /* ActivityIndicatorView.swift */; };
		D3ADE7412C5CD7580053067A /* LoadingView.swift in Sources */ = {isa = PBXBuildFile; fileRef = D3ADE7402C5CD7580053067A /* LoadingView.swift */; };
/* End PBXBuildFile section */

/* Begin PBXContainerItemProxy section */
		D37DFFB72C5A7A45001A03F1 /* PBXContainerItemProxy */ = {
			isa = PBXContainerItemProxy;
			containerPortal = D37DFF9E2C5A7A43001A03F1 /* Project object */;
			proxyType = 1;
			remoteGlobalIDString = D37DFFA52C5A7A43001A03F1;
			remoteInfo = JMDb;
		};
		D37DFFC12C5A7A45001A03F1 /* PBXContainerItemProxy */ = {
			isa = PBXContainerItemProxy;
			containerPortal = D37DFF9E2C5A7A43001A03F1 /* Project object */;
			proxyType = 1;
			remoteGlobalIDString = D37DFFA52C5A7A43001A03F1;
			remoteInfo = JMDb;
		};
/* End PBXContainerItemProxy section */

/* Begin PBXFileReference section */
		D30340002C5B6EBC00A815F1 /* Movie.swift */ = {isa = PBXFileReference; lastKnownFileType = sourcecode.swift; path = Movie.swift; sourceTree = "<group>"; };
		D30340032C5B6FAE00A815F1 /* MovieService.swift */ = {isa = PBXFileReference; lastKnownFileType = sourcecode.swift; path = MovieService.swift; sourceTree = "<group>"; };
		D30340052C5B757100A815F1 /* MovieStore.swift */ = {isa = PBXFileReference; lastKnownFileType = sourcecode.swift; path = MovieStore.swift; sourceTree = "<group>"; };
		D30340072C5B7DD100A815F1 /* Utils.swift */ = {isa = PBXFileReference; lastKnownFileType = sourcecode.swift; path = Utils.swift; sourceTree = "<group>"; };
		D303400C2C5BB45D00A815F1 /* movie_list.json */ = {isa = PBXFileReference; fileEncoding = 4; lastKnownFileType = text.json; path = movie_list.json; sourceTree = "<group>"; };
		D303400D2C5BB45D00A815F1 /* movie_info.json */ = {isa = PBXFileReference; fileEncoding = 4; lastKnownFileType = text.json; path = movie_info.json; sourceTree = "<group>"; };
		D303400E2C5BB45D00A815F1 /* search_movie.json */ = {isa = PBXFileReference; fileEncoding = 4; lastKnownFileType = text.json; path = search_movie.json; sourceTree = "<group>"; };
		D30340182C5BC47300A815F1 /* ImageLoader.swift */ = {isa = PBXFileReference; lastKnownFileType = sourcecode.swift; path = ImageLoader.swift; sourceTree = "<group>"; };
		D303401A2C5BD27100A815F1 /* MovieGroundCarouselView.swift */ = {isa = PBXFileReference; lastKnownFileType = sourcecode.swift; path = MovieGroundCarouselView.swift; sourceTree = "<group>"; };
		D37DFFA62C5A7A43001A03F1 /* JMDb.app */ = {isa = PBXFileReference; explicitFileType = wrapper.application; includeInIndex = 0; path = JMDb.app; sourceTree = BUILT_PRODUCTS_DIR; };
		D37DFFA92C5A7A43001A03F1 /* JMDbApp.swift */ = {isa = PBXFileReference; lastKnownFileType = sourcecode.swift; path = JMDbApp.swift; sourceTree = "<group>"; };
		D37DFFAB2C5A7A43001A03F1 /* ContentView.swift */ = {isa = PBXFileReference; lastKnownFileType = sourcecode.swift; path = ContentView.swift; sourceTree = "<group>"; };
		D37DFFAD2C5A7A45001A03F1 /* Assets.xcassets */ = {isa = PBXFileReference; lastKnownFileType = folder.assetcatalog; path = Assets.xcassets; sourceTree = "<group>"; };
		D37DFFB02C5A7A45001A03F1 /* Preview Assets.xcassets */ = {isa = PBXFileReference; lastKnownFileType = folder.assetcatalog; path = "Preview Assets.xcassets"; sourceTree = "<group>"; };
		D37DFFB62C5A7A45001A03F1 /* JMDbTests.xctest */ = {isa = PBXFileReference; explicitFileType = wrapper.cfbundle; includeInIndex = 0; path = JMDbTests.xctest; sourceTree = BUILT_PRODUCTS_DIR; };
		D37DFFBA2C5A7A45001A03F1 /* JMDbTests.swift */ = {isa = PBXFileReference; lastKnownFileType = sourcecode.swift; path = JMDbTests.swift; sourceTree = "<group>"; };
		D37DFFC02C5A7A45001A03F1 /* JMDbUITests.xctest */ = {isa = PBXFileReference; explicitFileType = wrapper.cfbundle; includeInIndex = 0; path = JMDbUITests.xctest; sourceTree = BUILT_PRODUCTS_DIR; };
		D37DFFC42C5A7A45001A03F1 /* JMDbUITests.swift */ = {isa = PBXFileReference; lastKnownFileType = sourcecode.swift; path = JMDbUITests.swift; sourceTree = "<group>"; };
		D37DFFC62C5A7A45001A03F1 /* JMDbUITestsLaunchTests.swift */ = {isa = PBXFileReference; lastKnownFileType = sourcecode.swift; path = JMDbUITestsLaunchTests.swift; sourceTree = "<group>"; };
		D39688C42C5CFB13008E84AD /* MovieListView.swift */ = {isa = PBXFileReference; lastKnownFileType = sourcecode.swift; path = MovieListView.swift; sourceTree = "<group>"; };
		D39688C62C5D051D008E84AD /* MovieDetailView.swift */ = {isa = PBXFileReference; lastKnownFileType = sourcecode.swift; path = MovieDetailView.swift; sourceTree = "<group>"; };
		D39688CA2C5D1943008E84AD /* SafariView.swift */ = {isa = PBXFileReference; lastKnownFileType = sourcecode.swift; path = SafariView.swift; sourceTree = "<group>"; };
		D3A026D92C63556B00123AD1 /* MovieDraft.swift */ = {isa = PBXFileReference; lastKnownFileType = sourcecode.swift; path = MovieDraft.swift; sourceTree = "<group>"; };
		D3A026DB2C6356AD00123AD1 /* MovieDetailManager.swift */ = {isa = PBXFileReference; lastKnownFileType = sourcecode.swift; path = MovieDetailManager.swift; sourceTree = "<group>"; };
		D3A026DD2C63571F00123AD1 /* MovieListManager.swift */ = {isa = PBXFileReference; lastKnownFileType = sourcecode.swift; path = MovieListManager.swift; sourceTree = "<group>"; };
		D3A026DF2C6357BE00123AD1 /* MovieSearchManager.swift */ = {isa = PBXFileReference; lastKnownFileType = sourcecode.swift; path = MovieSearchManager.swift; sourceTree = "<group>"; };
		D3A026E32C63590100123AD1 /* MovieGroundModel.swift */ = {isa = PBXFileReference; lastKnownFileType = sourcecode.swift; path = MovieGroundModel.swift; sourceTree = "<group>"; };
		D3A026E52C63597B00123AD1 /* MoviePosterModel.swift */ = {isa = PBXFileReference; lastKnownFileType = sourcecode.swift; path = MoviePosterModel.swift; sourceTree = "<group>"; };
		D3A026E72C639F4E00123AD1 /* FavoritesManager.swift */ = {isa = PBXFileReference; lastKnownFileType = sourcecode.swift; path = FavoritesManager.swift; sourceTree = "<group>"; };
		D3A026E92C639FB200123AD1 /* FavoritesView.swift */ = {isa = PBXFileReference; lastKnownFileType = sourcecode.swift; path = FavoritesView.swift; sourceTree = "<group>"; };
		D3A447822C60BB1B000C2DD9 /* SearchBar.swift */ = {isa = PBXFileReference; lastKnownFileType = sourcecode.swift; path = SearchBar.swift; sourceTree = "<group>"; };
		D3A447882C60BD4D000C2DD9 /* MovieSearchView.swift */ = {isa = PBXFileReference; lastKnownFileType = sourcecode.swift; path = MovieSearchView.swift; sourceTree = "<group>"; };
		D3ADE7372C5CC5570053067A /* MoviePosterCarouselView.swift */ = {isa = PBXFileReference; lastKnownFileType = sourcecode.swift; path = MoviePosterCarouselView.swift; sourceTree = "<group>"; };
		D3ADE73E2C5CCBA00053067A /* ActivityIndicatorView.swift */ = {isa = PBXFileReference; lastKnownFileType = sourcecode.swift; path = ActivityIndicatorView.swift; sourceTree = "<group>"; };
		D3ADE7402C5CD7580053067A /* LoadingView.swift */ = {isa = PBXFileReference; lastKnownFileType = sourcecode.swift; path = LoadingView.swift; sourceTree = "<group>"; };
/* End PBXFileReference section */

/* Begin PBXFrameworksBuildPhase section */
		D37DFFA32C5A7A43001A03F1 /* Frameworks */ = {
			isa = PBXFrameworksBuildPhase;
			buildActionMask = 2147483647;
			files = (
			);
			runOnlyForDeploymentPostprocessing = 0;
		};
		D37DFFB32C5A7A45001A03F1 /* Frameworks */ = {
			isa = PBXFrameworksBuildPhase;
			buildActionMask = 2147483647;
			files = (
			);
			runOnlyForDeploymentPostprocessing = 0;
		};
		D37DFFBD2C5A7A45001A03F1 /* Frameworks */ = {
			isa = PBXFrameworksBuildPhase;
			buildActionMask = 2147483647;
			files = (
			);
			runOnlyForDeploymentPostprocessing = 0;
		};
/* End PBXFrameworksBuildPhase section */

/* Begin PBXGroup section */
		D3033FFF2C5B6EA600A815F1 /* Models */ = {
			isa = PBXGroup;
			children = (
				D30340002C5B6EBC00A815F1 /* Movie.swift */,
				D3A026D92C63556B00123AD1 /* MovieDraft.swift */,
			);
			path = Models;
			sourceTree = "<group>";
		};
		D30340022C5B6F9900A815F1 /* Services */ = {
			isa = PBXGroup;
			children = (
				D30340032C5B6FAE00A815F1 /* MovieService.swift */,
				D30340052C5B757100A815F1 /* MovieStore.swift */,
			);
			path = Services;
			sourceTree = "<group>";
		};
		D303400B2C5BAD8D00A815F1 /* Resources */ = {
			isa = PBXGroup;
			children = (
				D303400D2C5BB45D00A815F1 /* movie_info.json */,
				D303400C2C5BB45D00A815F1 /* movie_list.json */,
				D303400E2C5BB45D00A815F1 /* search_movie.json */,
			);
			path = Resources;
			sourceTree = "<group>";
		};
		D30340122C5BC39400A815F1 /* Views */ = {
			isa = PBXGroup;
			children = (
				D3ADE73D2C5CCB6F0053067A /* UIKitViews */,
				D3ADE7372C5CC5570053067A /* MoviePosterCarouselView.swift */,
				D3ADE7402C5CD7580053067A /* LoadingView.swift */,
				D39688C42C5CFB13008E84AD /* MovieListView.swift */,
				D39688C62C5D051D008E84AD /* MovieDetailView.swift */,
				D3A026E32C63590100123AD1 /* MovieGroundModel.swift */,
				D3A447882C60BD4D000C2DD9 /* MovieSearchView.swift */,
				D3A026E52C63597B00123AD1 /* MoviePosterModel.swift */,
				D3A026E92C639FB200123AD1 /* FavoritesView.swift */,
			);
			path = Views;
			sourceTree = "<group>";
		};
		D30340172C5BC44100A815F1 /* Bindings */ = {
			isa = PBXGroup;
			children = (
				D30340182C5BC47300A815F1 /* ImageLoader.swift */,
				D3A026DB2C6356AD00123AD1 /* MovieDetailManager.swift */,
				D3A026DD2C63571F00123AD1 /* MovieListManager.swift */,
				D3A026DF2C6357BE00123AD1 /* MovieSearchManager.swift */,
				D3A026E72C639F4E00123AD1 /* FavoritesManager.swift */,
			);
			path = Bindings;
			sourceTree = "<group>";
		};
		D37DFF9D2C5A7A43001A03F1 = {
			isa = PBXGroup;
			children = (
				D37DFFA82C5A7A43001A03F1 /* JMDb */,
				D37DFFB92C5A7A45001A03F1 /* JMDbTests */,
				D37DFFC32C5A7A45001A03F1 /* JMDbUITests */,
				D37DFFA72C5A7A43001A03F1 /* Products */,
			);
			sourceTree = "<group>";
		};
		D37DFFA72C5A7A43001A03F1 /* Products */ = {
			isa = PBXGroup;
			children = (
				D37DFFA62C5A7A43001A03F1 /* JMDb.app */,
				D37DFFB62C5A7A45001A03F1 /* JMDbTests.xctest */,
				D37DFFC02C5A7A45001A03F1 /* JMDbUITests.xctest */,
			);
			name = Products;
			sourceTree = "<group>";
		};
		D37DFFA82C5A7A43001A03F1 /* JMDb */ = {
			isa = PBXGroup;
			children = (
				D30340172C5BC44100A815F1 /* Bindings */,
				D30340122C5BC39400A815F1 /* Views */,
				D303400B2C5BAD8D00A815F1 /* Resources */,
				D30340022C5B6F9900A815F1 /* Services */,
				D3033FFF2C5B6EA600A815F1 /* Models */,
				D37DFFA92C5A7A43001A03F1 /* JMDbApp.swift */,
				D37DFFAB2C5A7A43001A03F1 /* ContentView.swift */,
				D37DFFAD2C5A7A45001A03F1 /* Assets.xcassets */,
				D303401A2C5BD27100A815F1 /* MovieGroundCarouselView.swift */,
				D37DFFAF2C5A7A45001A03F1 /* Preview Content */,
				D30340072C5B7DD100A815F1 /* Utils.swift */,
			);
			path = JMDb;
			sourceTree = "<group>";
		};
		D37DFFAF2C5A7A45001A03F1 /* Preview Content */ = {
			isa = PBXGroup;
			children = (
				D37DFFB02C5A7A45001A03F1 /* Preview Assets.xcassets */,
			);
			path = "Preview Content";
			sourceTree = "<group>";
		};
		D37DFFB92C5A7A45001A03F1 /* JMDbTests */ = {
			isa = PBXGroup;
			children = (
				D37DFFBA2C5A7A45001A03F1 /* JMDbTests.swift */,
			);
			path = JMDbTests;
			sourceTree = "<group>";
		};
		D37DFFC32C5A7A45001A03F1 /* JMDbUITests */ = {
			isa = PBXGroup;
			children = (
				D37DFFC42C5A7A45001A03F1 /* JMDbUITests.swift */,
				D37DFFC62C5A7A45001A03F1 /* JMDbUITestsLaunchTests.swift */,
			);
			path = JMDbUITests;
			sourceTree = "<group>";
		};
		D3ADE73D2C5CCB6F0053067A /* UIKitViews */ = {
			isa = PBXGroup;
			children = (
				D3ADE73E2C5CCBA00053067A /* ActivityIndicatorView.swift */,
				D39688CA2C5D1943008E84AD /* SafariView.swift */,
				D3A447822C60BB1B000C2DD9 /* SearchBar.swift */,
			);
			path = UIKitViews;
			sourceTree = "<group>";
		};
/* End PBXGroup section */

/* Begin PBXNativeTarget section */
		D37DFFA52C5A7A43001A03F1 /* JMDb */ = {
			isa = PBXNativeTarget;
			buildConfigurationList = D37DFFCA2C5A7A45001A03F1 /* Build configuration list for PBXNativeTarget "JMDb" */;
			buildPhases = (
				D37DFFA22C5A7A43001A03F1 /* Sources */,
				D37DFFA32C5A7A43001A03F1 /* Frameworks */,
				D37DFFA42C5A7A43001A03F1 /* Resources */,
			);
			buildRules = (
			);
			dependencies = (
			);
			name = JMDb;
			productName = JMDb;
			productReference = D37DFFA62C5A7A43001A03F1 /* JMDb.app */;
			productType = "com.apple.product-type.application";
		};
		D37DFFB52C5A7A45001A03F1 /* JMDbTests */ = {
			isa = PBXNativeTarget;
			buildConfigurationList = D37DFFCD2C5A7A45001A03F1 /* Build configuration list for PBXNativeTarget "JMDbTests" */;
			buildPhases = (
				D37DFFB22C5A7A45001A03F1 /* Sources */,
				D37DFFB32C5A7A45001A03F1 /* Frameworks */,
				D37DFFB42C5A7A45001A03F1 /* Resources */,
			);
			buildRules = (
			);
			dependencies = (
				D37DFFB82C5A7A45001A03F1 /* PBXTargetDependency */,
			);
			name = JMDbTests;
			productName = JMDbTests;
			productReference = D37DFFB62C5A7A45001A03F1 /* JMDbTests.xctest */;
			productType = "com.apple.product-type.bundle.unit-test";
		};
		D37DFFBF2C5A7A45001A03F1 /* JMDbUITests */ = {
			isa = PBXNativeTarget;
			buildConfigurationList = D37DFFD02C5A7A45001A03F1 /* Build configuration list for PBXNativeTarget "JMDbUITests" */;
			buildPhases = (
				D37DFFBC2C5A7A45001A03F1 /* Sources */,
				D37DFFBD2C5A7A45001A03F1 /* Frameworks */,
				D37DFFBE2C5A7A45001A03F1 /* Resources */,
			);
			buildRules = (
			);
			dependencies = (
				D37DFFC22C5A7A45001A03F1 /* PBXTargetDependency */,
			);
			name = JMDbUITests;
			productName = JMDbUITests;
			productReference = D37DFFC02C5A7A45001A03F1 /* JMDbUITests.xctest */;
			productType = "com.apple.product-type.bundle.ui-testing";
		};
/* End PBXNativeTarget section */

/* Begin PBXProject section */
		D37DFF9E2C5A7A43001A03F1 /* Project object */ = {
			isa = PBXProject;
			attributes = {
				BuildIndependentTargetsInParallel = 1;
				LastSwiftUpdateCheck = 1510;
				LastUpgradeCheck = 1510;
				TargetAttributes = {
					D37DFFA52C5A7A43001A03F1 = {
						CreatedOnToolsVersion = 15.1;
					};
					D37DFFB52C5A7A45001A03F1 = {
						CreatedOnToolsVersion = 15.1;
						TestTargetID = D37DFFA52C5A7A43001A03F1;
					};
					D37DFFBF2C5A7A45001A03F1 = {
						CreatedOnToolsVersion = 15.1;
						TestTargetID = D37DFFA52C5A7A43001A03F1;
					};
				};
			};
			buildConfigurationList = D37DFFA12C5A7A43001A03F1 /* Build configuration list for PBXProject "JMDb" */;
			compatibilityVersion = "Xcode 14.0";
			developmentRegion = en;
			hasScannedForEncodings = 0;
			knownRegions = (
				en,
				Base,
			);
			mainGroup = D37DFF9D2C5A7A43001A03F1;
			productRefGroup = D37DFFA72C5A7A43001A03F1 /* Products */;
			projectDirPath = "";
			projectRoot = "";
			targets = (
				D37DFFA52C5A7A43001A03F1 /* JMDb */,
				D37DFFB52C5A7A45001A03F1 /* JMDbTests */,
				D37DFFBF2C5A7A45001A03F1 /* JMDbUITests */,
			);
		};
/* End PBXProject section */

/* Begin PBXResourcesBuildPhase section */
		D37DFFA42C5A7A43001A03F1 /* Resources */ = {
			isa = PBXResourcesBuildPhase;
			buildActionMask = 2147483647;
			files = (
				D37DFFB12C5A7A45001A03F1 /* Preview Assets.xcassets in Resources */,
				D303400F2C5BB45D00A815F1 /* movie_list.json in Resources */,
				D30340102C5BB45D00A815F1 /* movie_info.json in Resources */,
				D30340112C5BB45D00A815F1 /* search_movie.json in Resources */,
				D37DFFAE2C5A7A45001A03F1 /* Assets.xcassets in Resources */,
			);
			runOnlyForDeploymentPostprocessing = 0;
		};
		D37DFFB42C5A7A45001A03F1 /* Resources */ = {
			isa = PBXResourcesBuildPhase;
			buildActionMask = 2147483647;
			files = (
			);
			runOnlyForDeploymentPostprocessing = 0;
		};
		D37DFFBE2C5A7A45001A03F1 /* Resources */ = {
			isa = PBXResourcesBuildPhase;
			buildActionMask = 2147483647;
			files = (
			);
			runOnlyForDeploymentPostprocessing = 0;
		};
/* End PBXResourcesBuildPhase section */

/* Begin PBXSourcesBuildPhase section */
		D37DFFA22C5A7A43001A03F1 /* Sources */ = {
			isa = PBXSourcesBuildPhase;
			buildActionMask = 2147483647;
			files = (
				D37DFFAC2C5A7A43001A03F1 /* ContentView.swift in Sources */,
				D3A026DE2C63571F00123AD1 /* MovieListManager.swift in Sources */,
				D37DFFAA2C5A7A43001A03F1 /* JMDbApp.swift in Sources */,
				D3A026E62C63597B00123AD1 /* MoviePosterModel.swift in Sources */,
				D30340042C5B6FAE00A815F1 /* MovieService.swift in Sources */,
				D39688C52C5CFB13008E84AD /* MovieListView.swift in Sources */,
				D3ADE7412C5CD7580053067A /* LoadingView.swift in Sources */,
				D3ADE73F2C5CCBA00053067A /* ActivityIndicatorView.swift in Sources */,
				D3A026E42C63590100123AD1 /* MovieGroundModel.swift in Sources */,
				D3ADE7382C5CC5570053067A /* MoviePosterCarouselView.swift in Sources */,
				D39688CB2C5D1943008E84AD /* SafariView.swift in Sources */,
				D3A447832C60BB1B000C2DD9 /* SearchBar.swift in Sources */,
				D30340192C5BC47300A815F1 /* ImageLoader.swift in Sources */,
				D3A447892C60BD4D000C2DD9 /* MovieSearchView.swift in Sources */,
				D3A026DA2C63556B00123AD1 /* MovieDraft.swift in Sources */,
				D3A026E02C6357BE00123AD1 /* MovieSearchManager.swift in Sources */,
				D30340012C5B6EBC00A815F1 /* Movie.swift in Sources */,
				D3A026DC2C6356AD00123AD1 /* MovieDetailManager.swift in Sources */,
				D30340062C5B757100A815F1 /* MovieStore.swift in Sources */,
				D3A026E82C639F4E00123AD1 /* FavoritesManager.swift in Sources */,
				D3A026EA2C639FB200123AD1 /* FavoritesView.swift in Sources */,
				D39688C72C5D051D008E84AD /* MovieDetailView.swift in Sources */,
				D303401B2C5BD27100A815F1 /* MovieGroundCarouselView.swift in Sources */,
				D30340082C5B7DD100A815F1 /* Utils.swift in Sources */,
			);
			runOnlyForDeploymentPostprocessing = 0;
		};
		D37DFFB22C5A7A45001A03F1 /* Sources */ = {
			isa = PBXSourcesBuildPhase;
			buildActionMask = 2147483647;
			files = (
				D37DFFBB2C5A7A45001A03F1 /* JMDbTests.swift in Sources */,
			);
			runOnlyForDeploymentPostprocessing = 0;
		};
		D37DFFBC2C5A7A45001A03F1 /* Sources */ = {
			isa = PBXSourcesBuildPhase;
			buildActionMask = 2147483647;
			files = (
				D37DFFC52C5A7A45001A03F1 /* JMDbUITests.swift in Sources */,
				D37DFFC72C5A7A45001A03F1 /* JMDbUITestsLaunchTests.swift in Sources */,
			);
			runOnlyForDeploymentPostprocessing = 0;
		};
/* End PBXSourcesBuildPhase section */

/* Begin PBXTargetDependency section */
		D37DFFB82C5A7A45001A03F1 /* PBXTargetDependency */ = {
			isa = PBXTargetDependency;
			target = D37DFFA52C5A7A43001A03F1 /* JMDb */;
			targetProxy = D37DFFB72C5A7A45001A03F1 /* PBXContainerItemProxy */;
		};
		D37DFFC22C5A7A45001A03F1 /* PBXTargetDependency */ = {
			isa = PBXTargetDependency;
			target = D37DFFA52C5A7A43001A03F1 /* JMDb */;
			targetProxy = D37DFFC12C5A7A45001A03F1 /* PBXContainerItemProxy */;
		};
/* End PBXTargetDependency section */

/* Begin XCBuildConfiguration section */
		D37DFFC82C5A7A45001A03F1 /* Debug */ = {
			isa = XCBuildConfiguration;
			buildSettings = {
				ALWAYS_SEARCH_USER_PATHS = NO;
				ASSETCATALOG_COMPILER_GENERATE_SWIFT_ASSET_SYMBOL_EXTENSIONS = YES;
				CLANG_ANALYZER_NONNULL = YES;
				CLANG_ANALYZER_NUMBER_OBJECT_CONVERSION = YES_AGGRESSIVE;
				CLANG_CXX_LANGUAGE_STANDARD = "gnu++20";
				CLANG_ENABLE_MODULES = YES;
				CLANG_ENABLE_OBJC_ARC = YES;
				CLANG_ENABLE_OBJC_WEAK = YES;
				CLANG_WARN_BLOCK_CAPTURE_AUTORELEASING = YES;
				CLANG_WARN_BOOL_CONVERSION = YES;
				CLANG_WARN_COMMA = YES;
				CLANG_WARN_CONSTANT_CONVERSION = YES;
				CLANG_WARN_DEPRECATED_OBJC_IMPLEMENTATIONS = YES;
				CLANG_WARN_DIRECT_OBJC_ISA_USAGE = YES_ERROR;
				CLANG_WARN_DOCUMENTATION_COMMENTS = YES;
				CLANG_WARN_EMPTY_BODY = YES;
				CLANG_WARN_ENUM_CONVERSION = YES;
				CLANG_WARN_INFINITE_RECURSION = YES;
				CLANG_WARN_INT_CONVERSION = YES;
				CLANG_WARN_NON_LITERAL_NULL_CONVERSION = YES;
				CLANG_WARN_OBJC_IMPLICIT_RETAIN_SELF = YES;
				CLANG_WARN_OBJC_LITERAL_CONVERSION = YES;
				CLANG_WARN_OBJC_ROOT_CLASS = YES_ERROR;
				CLANG_WARN_QUOTED_INCLUDE_IN_FRAMEWORK_HEADER = YES;
				CLANG_WARN_RANGE_LOOP_ANALYSIS = YES;
				CLANG_WARN_STRICT_PROTOTYPES = YES;
				CLANG_WARN_SUSPICIOUS_MOVE = YES;
				CLANG_WARN_UNGUARDED_AVAILABILITY = YES_AGGRESSIVE;
				CLANG_WARN_UNREACHABLE_CODE = YES;
				CLANG_WARN__DUPLICATE_METHOD_MATCH = YES;
				COPY_PHASE_STRIP = NO;
				DEBUG_INFORMATION_FORMAT = dwarf;
				ENABLE_STRICT_OBJC_MSGSEND = YES;
				ENABLE_TESTABILITY = YES;
				ENABLE_USER_SCRIPT_SANDBOXING = YES;
				GCC_C_LANGUAGE_STANDARD = gnu17;
				GCC_DYNAMIC_NO_PIC = NO;
				GCC_NO_COMMON_BLOCKS = YES;
				GCC_OPTIMIZATION_LEVEL = 0;
				GCC_PREPROCESSOR_DEFINITIONS = (
					"DEBUG=1",
					"$(inherited)",
				);
				GCC_WARN_64_TO_32_BIT_CONVERSION = YES;
				GCC_WARN_ABOUT_RETURN_TYPE = YES_ERROR;
				GCC_WARN_UNDECLARED_SELECTOR = YES;
				GCC_WARN_UNINITIALIZED_AUTOS = YES_AGGRESSIVE;
				GCC_WARN_UNUSED_FUNCTION = YES;
				GCC_WARN_UNUSED_VARIABLE = YES;
				IPHONEOS_DEPLOYMENT_TARGET = 17.2;
				LOCALIZATION_PREFERS_STRING_CATALOGS = YES;
				MTL_ENABLE_DEBUG_INFO = INCLUDE_SOURCE;
				MTL_FAST_MATH = YES;
				ONLY_ACTIVE_ARCH = YES;
				SDKROOT = iphoneos;
				SWIFT_ACTIVE_COMPILATION_CONDITIONS = "DEBUG $(inherited)";
				SWIFT_OPTIMIZATION_LEVEL = "-Onone";
			};
			name = Debug;
		};
		D37DFFC92C5A7A45001A03F1 /* Release */ = {
			isa = XCBuildConfiguration;
			buildSettings = {
				ALWAYS_SEARCH_USER_PATHS = NO;
				ASSETCATALOG_COMPILER_GENERATE_SWIFT_ASSET_SYMBOL_EXTENSIONS = YES;
				CLANG_ANALYZER_NONNULL = YES;
				CLANG_ANALYZER_NUMBER_OBJECT_CONVERSION = YES_AGGRESSIVE;
				CLANG_CXX_LANGUAGE_STANDARD = "gnu++20";
				CLANG_ENABLE_MODULES = YES;
				CLANG_ENABLE_OBJC_ARC = YES;
				CLANG_ENABLE_OBJC_WEAK = YES;
				CLANG_WARN_BLOCK_CAPTURE_AUTORELEASING = YES;
				CLANG_WARN_BOOL_CONVERSION = YES;
				CLANG_WARN_COMMA = YES;
				CLANG_WARN_CONSTANT_CONVERSION = YES;
				CLANG_WARN_DEPRECATED_OBJC_IMPLEMENTATIONS = YES;
				CLANG_WARN_DIRECT_OBJC_ISA_USAGE = YES_ERROR;
				CLANG_WARN_DOCUMENTATION_COMMENTS = YES;
				CLANG_WARN_EMPTY_BODY = YES;
				CLANG_WARN_ENUM_CONVERSION = YES;
				CLANG_WARN_INFINITE_RECURSION = YES;
				CLANG_WARN_INT_CONVERSION = YES;
				CLANG_WARN_NON_LITERAL_NULL_CONVERSION = YES;
				CLANG_WARN_OBJC_IMPLICIT_RETAIN_SELF = YES;
				CLANG_WARN_OBJC_LITERAL_CONVERSION = YES;
				CLANG_WARN_OBJC_ROOT_CLASS = YES_ERROR;
				CLANG_WARN_QUOTED_INCLUDE_IN_FRAMEWORK_HEADER = YES;
				CLANG_WARN_RANGE_LOOP_ANALYSIS = YES;
				CLANG_WARN_STRICT_PROTOTYPES = YES;
				CLANG_WARN_SUSPICIOUS_MOVE = YES;
				CLANG_WARN_UNGUARDED_AVAILABILITY = YES_AGGRESSIVE;
				CLANG_WARN_UNREACHABLE_CODE = YES;
				CLANG_WARN__DUPLICATE_METHOD_MATCH = YES;
				COPY_PHASE_STRIP = NO;
				DEBUG_INFORMATION_FORMAT = "dwarf-with-dsym";
				ENABLE_NS_ASSERTIONS = NO;
				ENABLE_STRICT_OBJC_MSGSEND = YES;
				ENABLE_USER_SCRIPT_SANDBOXING = YES;
				GCC_C_LANGUAGE_STANDARD = gnu17;
				GCC_NO_COMMON_BLOCKS = YES;
				GCC_WARN_64_TO_32_BIT_CONVERSION = YES;
				GCC_WARN_ABOUT_RETURN_TYPE = YES_ERROR;
				GCC_WARN_UNDECLARED_SELECTOR = YES;
				GCC_WARN_UNINITIALIZED_AUTOS = YES_AGGRESSIVE;
				GCC_WARN_UNUSED_FUNCTION = YES;
				GCC_WARN_UNUSED_VARIABLE = YES;
				IPHONEOS_DEPLOYMENT_TARGET = 17.2;
				LOCALIZATION_PREFERS_STRING_CATALOGS = YES;
				MTL_ENABLE_DEBUG_INFO = NO;
				MTL_FAST_MATH = YES;
				SDKROOT = iphoneos;
				SWIFT_COMPILATION_MODE = wholemodule;
				VALIDATE_PRODUCT = YES;
			};
			name = Release;
		};
		D37DFFCB2C5A7A45001A03F1 /* Debug */ = {
			isa = XCBuildConfiguration;
			buildSettings = {
				ASSETCATALOG_COMPILER_APPICON_NAME = AppIcon;
				ASSETCATALOG_COMPILER_GLOBAL_ACCENT_COLOR_NAME = AccentColor;
				CODE_SIGN_STYLE = Automatic;
				CURRENT_PROJECT_VERSION = 1;
				DEVELOPMENT_ASSET_PATHS = "\"JMDb/Preview Content\"";
				DEVELOPMENT_TEAM = NPPKFF59HD;
				ENABLE_PREVIEWS = YES;
				GENERATE_INFOPLIST_FILE = YES;
				INFOPLIST_KEY_UIApplicationSceneManifest_Generation = YES;
				INFOPLIST_KEY_UIApplicationSupportsIndirectInputEvents = YES;
				INFOPLIST_KEY_UILaunchScreen_Generation = YES;
				INFOPLIST_KEY_UISupportedInterfaceOrientations_iPad = "UIInterfaceOrientationPortrait UIInterfaceOrientationPortraitUpsideDown UIInterfaceOrientationLandscapeLeft UIInterfaceOrientationLandscapeRight";
				INFOPLIST_KEY_UISupportedInterfaceOrientations_iPhone = "UIInterfaceOrientationPortrait UIInterfaceOrientationLandscapeLeft UIInterfaceOrientationLandscapeRight";
				LD_RUNPATH_SEARCH_PATHS = (
					"$(inherited)",
					"@executable_path/Frameworks",
				);
				MARKETING_VERSION = 1.0;
				PRODUCT_BUNDLE_IDENTIFIER = emreyilmaz.JMDb;
				PRODUCT_NAME = "$(TARGET_NAME)";
				SWIFT_EMIT_LOC_STRINGS = YES;
				SWIFT_VERSION = 5.0;
				TARGETED_DEVICE_FAMILY = "1,2";
			};
			name = Debug;
		};
		D37DFFCC2C5A7A45001A03F1 /* Release */ = {
			isa = XCBuildConfiguration;
			buildSettings = {
				ASSETCATALOG_COMPILER_APPICON_NAME = AppIcon;
				ASSETCATALOG_COMPILER_GLOBAL_ACCENT_COLOR_NAME = AccentColor;
				CODE_SIGN_STYLE = Automatic;
				CURRENT_PROJECT_VERSION = 1;
				DEVELOPMENT_ASSET_PATHS = "\"JMDb/Preview Content\"";
				DEVELOPMENT_TEAM = NPPKFF59HD;
				ENABLE_PREVIEWS = YES;
				GENERATE_INFOPLIST_FILE = YES;
				INFOPLIST_KEY_UIApplicationSceneManifest_Generation = YES;
				INFOPLIST_KEY_UIApplicationSupportsIndirectInputEvents = YES;
				INFOPLIST_KEY_UILaunchScreen_Generation = YES;
				INFOPLIST_KEY_UISupportedInterfaceOrientations_iPad = "UIInterfaceOrientationPortrait UIInterfaceOrientationPortraitUpsideDown UIInterfaceOrientationLandscapeLeft UIInterfaceOrientationLandscapeRight";
				INFOPLIST_KEY_UISupportedInterfaceOrientations_iPhone = "UIInterfaceOrientationPortrait UIInterfaceOrientationLandscapeLeft UIInterfaceOrientationLandscapeRight";
				LD_RUNPATH_SEARCH_PATHS = (
					"$(inherited)",
					"@executable_path/Frameworks",
				);
				MARKETING_VERSION = 1.0;
				PRODUCT_BUNDLE_IDENTIFIER = emreyilmaz.JMDb;
				PRODUCT_NAME = "$(TARGET_NAME)";
				SWIFT_EMIT_LOC_STRINGS = YES;
				SWIFT_VERSION = 5.0;
				TARGETED_DEVICE_FAMILY = "1,2";
			};
			name = Release;
		};
		D37DFFCE2C5A7A45001A03F1 /* Debug */ = {
			isa = XCBuildConfiguration;
			buildSettings = {
				ALWAYS_EMBED_SWIFT_STANDARD_LIBRARIES = YES;
				BUNDLE_LOADER = "$(TEST_HOST)";
				CODE_SIGN_STYLE = Automatic;
				CURRENT_PROJECT_VERSION = 1;
				DEVELOPMENT_TEAM = NPPKFF59HD;
				GENERATE_INFOPLIST_FILE = YES;
				IPHONEOS_DEPLOYMENT_TARGET = 17.2;
				MARKETING_VERSION = 1.0;
				PRODUCT_BUNDLE_IDENTIFIER = emreyilmaz.JMDbTests;
				PRODUCT_NAME = "$(TARGET_NAME)";
				SWIFT_EMIT_LOC_STRINGS = NO;
				SWIFT_VERSION = 5.0;
				TARGETED_DEVICE_FAMILY = "1,2";
				TEST_HOST = "$(BUILT_PRODUCTS_DIR)/JMDb.app/$(BUNDLE_EXECUTABLE_FOLDER_PATH)/JMDb";
			};
			name = Debug;
		};
		D37DFFCF2C5A7A45001A03F1 /* Release */ = {
			isa = XCBuildConfiguration;
			buildSettings = {
				ALWAYS_EMBED_SWIFT_STANDARD_LIBRARIES = YES;
				BUNDLE_LOADER = "$(TEST_HOST)";
				CODE_SIGN_STYLE = Automatic;
				CURRENT_PROJECT_VERSION = 1;
				DEVELOPMENT_TEAM = NPPKFF59HD;
				GENERATE_INFOPLIST_FILE = YES;
				IPHONEOS_DEPLOYMENT_TARGET = 17.2;
				MARKETING_VERSION = 1.0;
				PRODUCT_BUNDLE_IDENTIFIER = emreyilmaz.JMDbTests;
				PRODUCT_NAME = "$(TARGET_NAME)";
				SWIFT_EMIT_LOC_STRINGS = NO;
				SWIFT_VERSION = 5.0;
				TARGETED_DEVICE_FAMILY = "1,2";
				TEST_HOST = "$(BUILT_PRODUCTS_DIR)/JMDb.app/$(BUNDLE_EXECUTABLE_FOLDER_PATH)/JMDb";
			};
			name = Release;
		};
		D37DFFD12C5A7A45001A03F1 /* Debug */ = {
			isa = XCBuildConfiguration;
			buildSettings = {
				ALWAYS_EMBED_SWIFT_STANDARD_LIBRARIES = YES;
				CODE_SIGN_STYLE = Automatic;
				CURRENT_PROJECT_VERSION = 1;
				DEVELOPMENT_TEAM = NPPKFF59HD;
				GENERATE_INFOPLIST_FILE = YES;
				MARKETING_VERSION = 1.0;
				PRODUCT_BUNDLE_IDENTIFIER = emreyilmaz.JMDbUITests;
				PRODUCT_NAME = "$(TARGET_NAME)";
				SWIFT_EMIT_LOC_STRINGS = NO;
				SWIFT_VERSION = 5.0;
				TARGETED_DEVICE_FAMILY = "1,2";
				TEST_TARGET_NAME = JMDb;
			};
			name = Debug;
		};
		D37DFFD22C5A7A45001A03F1 /* Release */ = {
			isa = XCBuildConfiguration;
			buildSettings = {
				ALWAYS_EMBED_SWIFT_STANDARD_LIBRARIES = YES;
				CODE_SIGN_STYLE = Automatic;
				CURRENT_PROJECT_VERSION = 1;
				DEVELOPMENT_TEAM = NPPKFF59HD;
				GENERATE_INFOPLIST_FILE = YES;
				MARKETING_VERSION = 1.0;
				PRODUCT_BUNDLE_IDENTIFIER = emreyilmaz.JMDbUITests;
				PRODUCT_NAME = "$(TARGET_NAME)";
				SWIFT_EMIT_LOC_STRINGS = NO;
				SWIFT_VERSION = 5.0;
				TARGETED_DEVICE_FAMILY = "1,2";
				TEST_TARGET_NAME = JMDb;
			};
			name = Release;
		};
/* End XCBuildConfiguration section */

/* Begin XCConfigurationList section */
		D37DFFA12C5A7A43001A03F1 /* Build configuration list for PBXProject "JMDb" */ = {
			isa = XCConfigurationList;
			buildConfigurations = (
				D37DFFC82C5A7A45001A03F1 /* Debug */,
				D37DFFC92C5A7A45001A03F1 /* Release */,
			);
			defaultConfigurationIsVisible = 0;
			defaultConfigurationName = Release;
		};
		D37DFFCA2C5A7A45001A03F1 /* Build configuration list for PBXNativeTarget "JMDb" */ = {
			isa = XCConfigurationList;
			buildConfigurations = (
				D37DFFCB2C5A7A45001A03F1 /* Debug */,
				D37DFFCC2C5A7A45001A03F1 /* Release */,
			);
			defaultConfigurationIsVisible = 0;
			defaultConfigurationName = Release;
		};
		D37DFFCD2C5A7A45001A03F1 /* Build configuration list for PBXNativeTarget "JMDbTests" */ = {
			isa = XCConfigurationList;
			buildConfigurations = (
				D37DFFCE2C5A7A45001A03F1 /* Debug */,
				D37DFFCF2C5A7A45001A03F1 /* Release */,
			);
			defaultConfigurationIsVisible = 0;
			defaultConfigurationName = Release;
		};
		D37DFFD02C5A7A45001A03F1 /* Build configuration list for PBXNativeTarget "JMDbUITests" */ = {
			isa = XCConfigurationList;
			buildConfigurations = (
				D37DFFD12C5A7A45001A03F1 /* Debug */,
				D37DFFD22C5A7A45001A03F1 /* Release */,
			);
			defaultConfigurationIsVisible = 0;
			defaultConfigurationName = Release;
		};
/* End XCConfigurationList section */
	};
	rootObject = D37DFF9E2C5A7A43001A03F1 /* Project object */;
}
